
Microsoft Visual Studio Solution File, Format Version 12.00
# Visual Studio Version 16
VisualStudioVersion = 16.0.31112.23
MinimumVisualStudioVersion = 10.0.40219.1
Project("{FAE04EC0-301F-11D3-BF4B-00C04F79EFBC}") = "ClassMetotDemo", "ClassMetotDemo\ClassMetotDemo.csproj", "{7946B4D5-AB95-4AA2-B1E4-7B317937BD96}"
EndProject
Global
	GlobalSection(SolutionConfigurationPlatforms) = preSolution
		Debug|Any CPU = Debug|Any CPU
		Release|Any CPU = Release|Any CPU
	EndGlobalSection
	GlobalSection(ProjectConfigurationPlatforms) = postSolution
		{7946B4D5-AB95-4AA2-B1E4-7B317937BD96}.Debug|Any CPU.ActiveCfg = Debug|Any CPU
		{7946B4D5-AB95-4AA2-B1E4-7B317937BD96}.Debug|Any CPU.Build.0 = Debug|Any CPU
		{7946B4D5-AB95-4AA2-B1E4-7B317937BD96}.Release|Any CPU.ActiveCfg = Release|Any CPU
		{7946B4D5-AB95-4AA2-B1E4-7B317937BD96}.Release|Any CPU.Build.0 = Release|Any CPU
	EndGlobalSection
	GlobalSection(SolutionProperties) = preSolution
		HideSolutionNode = FALSE
	EndGlobalSection
	GlobalSection(ExtensibilityGlobals) = postSolution
		SolutionGuid = {AF07C697-F86D-461F-8490-990952164D1A}
	EndGlobalSection
EndGlobal
